
Microsoft Visual Studio Solution File, Format Version 12.00
# Visual Studio Version 17
VisualStudioVersion = 17.4.33213.308
MinimumVisualStudioVersion = 10.0.40219.1
Project("{FAE04EC0-301F-11D3-BF4B-00C04F79EFBC}") = "UserService", "UserService\UserService.csproj", "{7D615582-ABEF-48A5-AD09-B9C9149A089A}"
EndProject
Project("{FAE04EC0-301F-11D3-BF4B-00C04F79EFBC}") = "DataAccess", "DataAccess\DataAccess.csproj", "{8A6591B9-5DBF-40D5-96D2-21FF567B31BE}"
EndProject
Project("{FAE04EC0-301F-11D3-BF4B-00C04F79EFBC}") = "UserWeb", "UserWeb\UserWeb.csproj", "{00F2050E-70A5-4C4F-8B53-2369FB90DA12}"
EndProject
Global
	GlobalSection(SolutionConfigurationPlatforms) = preSolution
		Debug|Any CPU = Debug|Any CPU
		Release|Any CPU = Release|Any CPU
	EndGlobalSection
	GlobalSection(ProjectConfigurationPlatforms) = postSolution
		{7D615582-ABEF-48A5-AD09-B9C9149A089A}.Debug|Any CPU.ActiveCfg = Debug|Any CPU
		{7D615582-ABEF-48A5-AD09-B9C9149A089A}.Debug|Any CPU.Build.0 = Debug|Any CPU
		{7D615582-ABEF-48A5-AD09-B9C9149A089A}.Release|Any CPU.ActiveCfg = Release|Any CPU
		{7D615582-ABEF-48A5-AD09-B9C9149A089A}.Release|Any CPU.Build.0 = Release|Any CPU
		{8A6591B9-5DBF-40D5-96D2-21FF567B31BE}.Debug|Any CPU.ActiveCfg = Debug|Any CPU
		{8A6591B9-5DBF-40D5-96D2-21FF567B31BE}.Debug|Any CPU.Build.0 = Debug|Any CPU
		{8A6591B9-5DBF-40D5-96D2-21FF567B31BE}.Release|Any CPU.ActiveCfg = Release|Any CPU
		{8A6591B9-5DBF-40D5-96D2-21FF567B31BE}.Release|Any CPU.Build.0 = Release|Any CPU
		{00F2050E-70A5-4C4F-8B53-2369FB90DA12}.Debug|Any CPU.ActiveCfg = Debug|Any CPU
		{00F2050E-70A5-4C4F-8B53-2369FB90DA12}.Debug|Any CPU.Build.0 = Debug|Any CPU
		{00F2050E-70A5-4C4F-8B53-2369FB90DA12}.Release|Any CPU.ActiveCfg = Release|Any CPU
		{00F2050E-70A5-4C4F-8B53-2369FB90DA12}.Release|Any CPU.Build.0 = Release|Any CPU
	EndGlobalSection
	GlobalSection(SolutionProperties) = preSolution
		HideSolutionNode = FALSE
	EndGlobalSection
	GlobalSection(ExtensibilityGlobals) = postSolution
		SolutionGuid = {88C337CB-52B2-4D5F-8D08-DB88FAA207B8}
	EndGlobalSection
EndGlobal
